<Project xmlns="http://schemas.microsoft.com/developer/msbuild/2003">
    <PropertyGroup>
        <ProjectGuid>{18AA56BF-DFAA-4CDA-9214-C618317F7EB3}</ProjectGuid>
        <ProjectVersion>18.2</ProjectVersion>
        <FrameworkType>VCL</FrameworkType>
        <MainSource>MiniBroker.dpr</MainSource>
        <Base>True</Base>
        <Config Condition="'$(Config)'==''">Release</Config>
        <Platform Condition="'$(Platform)'==''">Win32</Platform>
        <TargetedPlatforms>1</TargetedPlatforms>
        <AppType>Application</AppType>
    </PropertyGroup>
    <PropertyGroup Condition="'$(Config)'=='Base' or '$(Base)'!=''">
        <Base>true</Base>
    </PropertyGroup>
    <PropertyGroup Condition="('$(Platform)'=='Win32' and '$(Base)'=='true') or '$(Base_Win32)'!=''">
        <Base_Win32>true</Base_Win32>
        <CfgParent>Base</CfgParent>
        <Base>true</Base>
    </PropertyGroup>
    <PropertyGroup Condition="('$(Platform)'=='Win64' and '$(Base)'=='true') or '$(Base_Win64)'!=''">
        <Base_Win64>true</Base_Win64>
        <CfgParent>Base</CfgParent>
        <Base>true</Base>
    </PropertyGroup>
    <PropertyGroup Condition="'$(Config)'=='Debug' or '$(Cfg_1)'!=''">
        <Cfg_1>true</Cfg_1>
        <CfgParent>Base</CfgParent>
        <Base>true</Base>
    </PropertyGroup>
    <PropertyGroup Condition="('$(Platform)'=='Win32' and '$(Cfg_1)'=='true') or '$(Cfg_1_Win32)'!=''">
        <Cfg_1_Win32>true</Cfg_1_Win32>
        <CfgParent>Cfg_1</CfgParent>
        <Cfg_1>true</Cfg_1>
        <Base>true</Base>
    </PropertyGroup>
    <PropertyGroup Condition="'$(Config)'=='Release' or '$(Cfg_2)'!=''">
        <Cfg_2>true</Cfg_2>
        <CfgParent>Base</CfgParent>
        <Base>true</Base>
    </PropertyGroup>
    <PropertyGroup Condition="('$(Platform)'=='Win32' and '$(Cfg_2)'=='true') or '$(Cfg_2_Win32)'!=''">
        <Cfg_2_Win32>true</Cfg_2_Win32>
        <CfgParent>Cfg_2</CfgParent>
        <Cfg_2>true</Cfg_2>
        <Base>true</Base>
    </PropertyGroup>
    <PropertyGroup Condition="'$(Base)'!=''">
        <DCC_Namespace>System;Xml;Data;Datasnap;Web;Soap;Vcl;Vcl.Imaging;Vcl.Touch;Vcl.Samples;Vcl.Shell;$(DCC_Namespace)</DCC_Namespace>
        <Icon_MainIcon>$(BDS)\bin\delphi_PROJECTICON.ico</Icon_MainIcon>
        <SanitizedProjectName>MiniBroker</SanitizedProjectName>
        <DCC_DcuOutput>.\$(Platform)\$(Config)</DCC_DcuOutput>
        <DCC_ExeOutput>.\$(Platform)\$(Config)</DCC_ExeOutput>
        <DCC_E>false</DCC_E>
        <DCC_N>false</DCC_N>
        <DCC_S>false</DCC_S>
        <DCC_F>false</DCC_F>
        <DCC_K>false</DCC_K>
    </PropertyGroup>
    <PropertyGroup Condition="'$(Base_Win32)'!=''">
        <UWP_DelphiLogo150>$(BDS)\bin\Artwork\Windows\UWP\delphi_UwpDefault_150.png</UWP_DelphiLogo150>
        <UWP_DelphiLogo44>$(BDS)\bin\Artwork\Windows\UWP\delphi_UwpDefault_44.png</UWP_DelphiLogo44>
        <DCC_DcuOutput>.\dcu</DCC_DcuOutput>
        <DCC_ExeOutput>.\bin</DCC_ExeOutput>
        <DCC_BplOutput>.\bin</DCC_BplOutput>
        <DCC_UsePackage>DBXSqliteDriver;RESTComponents;DataSnapServerMidas;DBXDb2Driver;DBXInterBaseDriver;vclactnband;vclFireDAC;emsclientfiredac;DataSnapFireDAC;svnui;tethering;FireDACADSDriver;DBXMSSQLDriver;DatasnapConnectorsFreePascal;FireDACMSSQLDriver;vcltouch;vcldb;bindcompfmx;svn;Intraweb;DBXOracleDriver;inetdb;CEF4Delphi;FmxTeeUI;emsedge;FireDACIBDriver;fmx;fmxdae;frx24;vclib;FireDACDBXDriver;dbexpress;IndyCore;vclx;dsnap;DataSnapCommon;emsclient;FireDACCommon;bdertl;RESTBackendComponents;DataSnapConnectors;VCLRESTComponents;soapserver;vclie;bindengine;DBXMySQLDriver;FireDACOracleDriver;CloudService;FireDACMySQLDriver;DBXFirebirdDriver;VCLTMSFNCUIPackPkgDXE10;FireDACCommonODBC;FireDACCommonDriver;DataSnapClient;inet;FMXTMSFNCCorePkgDXE10;bindcompdbx;IndyIPCommon;vcl;DBXSybaseASEDriver;IndyIPServer;IndySystem;FireDACDb2Driver;dsnapcon;madExcept_;FireDACMSAccDriver;fmxFireDAC;FireDACInfxDriver;vclimg;madBasic_;TeeDB;FireDAC;emshosting;FireDACSqliteDriver;FireDACPgDriver;ibmonitor;FireDACASADriver;DBXOdbcDriver;FireDACTDataDriver;FMXTee;soaprtl;DbxCommonDriver;ibxpress;Tee;DataSnapServer;xmlrtl;soapmidas;DataSnapNativeClient;fmxobj;vclwinx;ibxbindings;rtl;FireDACDSDriver;DbxClientDriver;madDisAsm_;DBXSybaseASADriver;frxTee24;CustomIPTransport;vcldsnap;DCEF_DX10;bindcomp;appanalytics;DBXInformixDriver;IndyIPClient;frce;bindcompvcl;vcldbx;TeeUI;frxe24;VCLTMSFNCCorePkgDXE10;FMXTMSFNCUIPackPkgDXE10;dbxcds;VclSmp;adortl;FireDACODBCDriver;DataSnapIndy10ServerTransport;aurelius;frxDB24;dsnapxml;DataSnapProviderClient;dbrtl;inetdbxpress;FireDACMongoDBDriver;IndyProtocols;fmxase;dxCoreRS24;cxLibraryRS24;dxGDIPlusRS24;dxThemeRS24;cxPageControlRS24;dxDockingRS24;cxDataRS24;dxOfficeCoreRS24;cxEditorsRS24;dxComnRS24;cxExportRS24;dxBarRS24;dxRibbonRS24;dxBarExtItemsRS24;cxSchedulerRS24;cxSchedulerRibbonStyleEventEditorRS24;cxSchedulerTreeBrowserRS24;$(DCC_UsePackage)</DCC_UsePackage>
        <VerInfo_Locale>1033</VerInfo_Locale>
        <VerInfo_IncludeVerInfo>true</VerInfo_IncludeVerInfo>
        <Manifest_File>$(BDS)\bin\default_app.manifest</Manifest_File>
        <VerInfo_Keys>CompanyName=;FileVersion=1.0.0.0;InternalName=;LegalCopyright=;LegalTrademarks=;OriginalFilename=;ProductVersion=1.0.0.0;Comments=;ProgramID=com.embarcadero.$(ModuleName);FileDescription=$(ModuleName);ProductName=$(ModuleName)</VerInfo_Keys>
        <DCC_Namespace>Winapi;System.Win;Data.Win;Datasnap.Win;Web.Win;Soap.Win;Xml.Win;Bde;$(DCC_Namespace)</DCC_Namespace>
    </PropertyGroup>
    <PropertyGroup Condition="'$(Base_Win64)'!=''">
        <UWP_DelphiLogo44>$(BDS)\bin\Artwork\Windows\UWP\delphi_UwpDefault_44.png</UWP_DelphiLogo44>
        <UWP_DelphiLogo150>$(BDS)\bin\Artwork\Windows\UWP\delphi_UwpDefault_150.png</UWP_DelphiLogo150>
        <DCC_UsePackage>DBXSqliteDriver;RESTComponents;DataSnapServerMidas;DBXDb2Driver;DBXInterBaseDriver;vclactnband;vclFireDAC;emsclientfiredac;DataSnapFireDAC;tethering;FireDACADSDriver;DBXMSSQLDriver;DatasnapConnectorsFreePascal;FireDACMSSQLDriver;vcltouch;vcldb;bindcompfmx;Intraweb;DBXOracleDriver;inetdb;FmxTeeUI;emsedge;FireDACIBDriver;fmx;fmxdae;vclib;FireDACDBXDriver;dbexpress;IndyCore;vclx;dsnap;DataSnapCommon;emsclient;FireDACCommon;RESTBackendComponents;DataSnapConnectors;VCLRESTComponents;soapserver;vclie;bindengine;DBXMySQLDriver;FireDACOracleDriver;CloudService;FireDACMySQLDriver;DBXFirebirdDriver;VCLTMSFNCUIPackPkgDXE10;FireDACCommonODBC;FireDACCommonDriver;DataSnapClient;inet;FMXTMSFNCCorePkgDXE10;bindcompdbx;IndyIPCommon;vcl;DBXSybaseASEDriver;IndyIPServer;IndySystem;FireDACDb2Driver;dsnapcon;FireDACMSAccDriver;fmxFireDAC;FireDACInfxDriver;vclimg;TeeDB;FireDAC;emshosting;FireDACSqliteDriver;FireDACPgDriver;ibmonitor;FireDACASADriver;DBXOdbcDriver;FireDACTDataDriver;FMXTee;soaprtl;DbxCommonDriver;ibxpress;Tee;DataSnapServer;xmlrtl;soapmidas;DataSnapNativeClient;fmxobj;vclwinx;ibxbindings;rtl;FireDACDSDriver;DbxClientDriver;DBXSybaseASADriver;CustomIPTransport;vcldsnap;DCEF_DX10;bindcomp;appanalytics;DBXInformixDriver;IndyIPClient;bindcompvcl;TeeUI;VCLTMSFNCCorePkgDXE10;FMXTMSFNCUIPackPkgDXE10;dbxcds;VclSmp;adortl;FireDACODBCDriver;DataSnapIndy10ServerTransport;aurelius;dsnapxml;DataSnapProviderClient;dbrtl;inetdbxpress;FireDACMongoDBDriver;IndyProtocols;fmxase;dxCoreRS24;cxLibraryRS24;dxGDIPlusRS24;dxThemeRS24;cxPageControlRS24;dxDockingRS24;cxDataRS24;dxOfficeCoreRS24;cxEditorsRS24;dxComnRS24;cxExportRS24;dxBarRS24;dxRibbonRS24;dxBarExtItemsRS24;cxSchedulerRS24;cxSchedulerRibbonStyleEventEditorRS24;cxSchedulerTreeBrowserRS24;$(DCC_UsePackage)</DCC_UsePackage>
    </PropertyGroup>
    <PropertyGroup Condition="'$(Cfg_1)'!=''">
        <DCC_Define>DEBUG;$(DCC_Define)</DCC_Define>
        <DCC_DebugDCUs>true</DCC_DebugDCUs>
        <DCC_Optimize>false</DCC_Optimize>
        <DCC_GenerateStackFrames>true</DCC_GenerateStackFrames>
        <DCC_DebugInfoInExe>true</DCC_DebugInfoInExe>
        <DCC_RemoteDebug>true</DCC_RemoteDebug>
    </PropertyGroup>
    <PropertyGroup Condition="'$(Cfg_1_Win32)'!=''">
        <VerInfo_Keys>CompanyName=;FileVersion=2.0.0.0;InternalName=;LegalCopyright=;LegalTrademarks=;OriginalFilename=;ProductVersion=1.0.0.0;Comments=;ProgramID=com.embarcadero.$(ModuleName);FileDescription=$(ModuleName);ProductName=$(ModuleName)</VerInfo_Keys>
        <VerInfo_MajorVer>2</VerInfo_MajorVer>
        <Icon_MainIcon>MiniBroker_Icon.ico</Icon_MainIcon>
        <DCC_Define>madExcept;$(DCC_Define)</DCC_Define>
        <DCC_MapFile>3</DCC_MapFile>
        <BT_BuildType>Debug</BT_BuildType>
        <VerInfo_IncludeVerInfo>true</VerInfo_IncludeVerInfo>
        <VerInfo_Locale>1033</VerInfo_Locale>
        <AppEnableRuntimeThemes>true</AppEnableRuntimeThemes>
        <AppEnableHighDPI>true</AppEnableHighDPI>
        <DCC_RemoteDebug>false</DCC_RemoteDebug>
    </PropertyGroup>
    <PropertyGroup Condition="'$(Cfg_2)'!=''">
        <DCC_LocalDebugSymbols>false</DCC_LocalDebugSymbols>
        <DCC_Define>RELEASE;$(DCC_Define)</DCC_Define>
        <DCC_SymbolReferenceInfo>0</DCC_SymbolReferenceInfo>
        <DCC_DebugInformation>0</DCC_DebugInformation>
    </PropertyGroup>
    <PropertyGroup Condition="'$(Cfg_2_Win32)'!=''">
        <BT_BuildType>Debug</BT_BuildType>
        <DCC_LocalDebugSymbols>true</DCC_LocalDebugSymbols>
        <DCC_Define>madExcept;$(DCC_Define)</DCC_Define>
        <DCC_MapFile>3</DCC_MapFile>
        <DCC_DebugInformation>2</DCC_DebugInformation>
        <VerInfo_Locale>1033</VerInfo_Locale>
        <VerInfo_IncludeVerInfo>true</VerInfo_IncludeVerInfo>
        <AppEnableRuntimeThemes>true</AppEnableRuntimeThemes>
        <AppEnableHighDPI>true</AppEnableHighDPI>
    </PropertyGroup>
    <ItemGroup>
        <DelphiCompile Include="$(MainSource)">
            <MainSource>MainSource</MainSource>
        </DelphiCompile>
        <DCCReference Include="mypatterns\MyForm.pas">
            <Form>formMyForm</Form>
        </DCCReference>
        <DCCReference Include="mypatterns\MyQuery.pas"/>
        <DCCReference Include="mypatterns\MyUtil.pas"/>
        <DCCReference Include="mypatterns\MyCdBasic.pas">
            <Form>formMyCdBasic</Form>
        </DCCReference>
        <DCCReference Include="mypatterns\MyCdMasterDetail.pas">
            <Form>formMyCdMasterDetail</Form>
        </DCCReference>
        <DCCReference Include="mypatterns\MyAuditoria.pas"/>
        <DCCReference Include="mypatterns\MyAuditoriaConsulta.pas">
            <Form>formMyauditoriaConsulta</Form>
        </DCCReference>
        <DCCReference Include="mypatterns\MyMainBasic.pas">
            <Form>formMyMainBasic</Form>
        </DCCReference>
        <DCCReference Include="mypatterns\MyMainEnterprise.pas">
            <Form>formMyMainEnterprise</Form>
        </DCCReference>
        <DCCReference Include="FrMain.pas">
            <Form>formMain</Form>
        </DCCReference>
        <DCCReference Include="FrBancoDeDados.pas">
            <Form>formFrBancoDados</Form>
        </DCCReference>
        <DCCReference Include="DatabaseSettings.pas"/>
        <DCCReference Include="mypatterns\MyGlobal.pas"/>
        <DCCReference Include="mypatterns\MyEntitiesBroker.pas"/>
        <DCCReference Include="ConnectionModule.pas">
            <Form>FireDacMSSQLConnection</Form>
            <DesignClass>TDataModule</DesignClass>
        </DCCReference>
        <DCCReference Include="CdProcesso.pas">
            <Form>formMyCdProcesso</Form>
        </DCCReference>
        <DCCReference Include="mypatterns\MyDgOk.pas">
            <Form>formMyDgOk</Form>
        </DCCReference>
        <DCCReference Include="CdProcessoCtx.pas">
            <Form>formMyCdProcessoCtx</Form>
        </DCCReference>
        <DCCReference Include="mypatterns\MyFrameData.pas">
            <Form>FrameData</Form>
            <DesignClass>TFrame</DesignClass>
        </DCCReference>
        <DCCReference Include="mypatterns\MyFramePeriodo.pas">
            <Form>FramePeriodo</Form>
            <DesignClass>TFrame</DesignClass>
        </DCCReference>
        <DCCReference Include="FmUnidadeNegocio.pas">
            <Form>FrameUnidadeNegocio</Form>
            <DesignClass>TFrame</DesignClass>
        </DCCReference>
        <DCCReference Include="FmProduto.pas">
            <Form>FrameProduto</Form>
            <DesignClass>TFrame</DesignClass>
        </DCCReference>
        <DCCReference Include="mypatterns\MyDialog.pas"/>
        <DCCReference Include="CdEnquadramento.pas">
            <Form>formMyCdEnquadramento</Form>
        </DCCReference>
        <DCCReference Include="MvProcessoDue.pas">
            <Form>formMvProcessoDue</Form>
        </DCCReference>
        <DCCReference Include="FrSQLMonitor.pas">
            <Form>formSQLMonitor</Form>
        </DCCReference>
        <DCCReference Include="FrPesquisa.pas">
            <Form>formMyPesquisa</Form>
        </DCCReference>
        <DCCReference Include="FmRecintoAlfandegado.pas">
            <Form>FrameRecintoAlfandegado</Form>
            <DesignClass>TFrame</DesignClass>
        </DCCReference>
        <DCCReference Include="FmPais.pas">
            <Form>FramePais</Form>
            <DesignClass>TFrame</DesignClass>
        </DCCReference>
        <DCCReference Include="FmMoeda.pas">
            <Form>FrameMoeda</Form>
            <DesignClass>TFrame</DesignClass>
        </DCCReference>
        <DCCReference Include="FmEnquadramento.pas">
            <Form>FrameEnquadramento</Form>
            <DesignClass>TFrame</DesignClass>
        </DCCReference>
        <DCCReference Include="FmURF.pas">
            <Form>FrameURF</Form>
            <DesignClass>TFrame</DesignClass>
        </DCCReference>
        <DCCReference Include="FmIncoterm.pas">
            <Form>FrameIncoterm</Form>
            <DesignClass>TFrame</DesignClass>
        </DCCReference>
        <DCCReference Include="MvProcessoDueNF.pas">
            <Form>formMvProcessoDueNF</Form>
        </DCCReference>
        <DCCReference Include="FrIntegracaoDUE.pas">
            <Form>formIntegracaoDue</Form>
        </DCCReference>
        <DCCReference Include="FmDetail.pas">
            <Form>FrameDetail</Form>
            <DesignClass>TFrame</DesignClass>
        </DCCReference>
        <DCCReference Include="FmNCMDestaque.pas">
            <Form>FrameNCMDestaque</Form>
            <DesignClass>TFrame</DesignClass>
        </DCCReference>
        <DCCReference Include="mypatterns\DevExpressBR.pas"/>
        <DCCReference Include="FmEmpresaNac.pas">
            <Form>FrameEmpresaNac</Form>
            <DesignClass>TFrame</DesignClass>
        </DCCReference>
        <DCCReference Include="ClassesXMLDUE.pas"/>
        <DCCReference Include="CdRegraObservacoesAuto.pas">
            <Form>formMyCdRegraObservacoesAuto</Form>
        </DCCReference>
        <DCCReference Include="CdRegraTabelaCampo.pas">
            <Form>FormCdRegraTabelaCampo</Form>
        </DCCReference>
        <DCCReference Include="xsdDue.pas"/>
        <DCCReference Include="xsdDueDataModel.pas"/>
        <DCCReference Include="frAjuda.pas">
            <Form>formAjuda</Form>
            <FormType>dfm</FormType>
        </DCCReference>
        <DCCReference Include="mypatterns\MyEntitiesV2.pas"/>
        <DCCReference Include="Wallet\uWalletBank.pas">
            <Form>frmWalletBank</Form>
        </DCCReference>
        <DCCReference Include="Wallet\uWalletAuthUser.pas">
            <Form>frmWalletAuthUser</Form>
        </DCCReference>
        <DCCReference Include="Wallet\uWalletBranch.pas">
            <Form>frmWalletBranch</Form>
        </DCCReference>
        <DCCReference Include="Wallet\uWalletCountry.pas">
            <Form>FrmWalletCountry</Form>
        </DCCReference>
        <DCCReference Include="Wallet\uWalletItem.pas">
            <Form>FrmWalletItem</Form>
        </DCCReference>
        <DCCReference Include="Wallet\ConnectionModuleV2.pas">
            <Form>FireDacMSSQLConnectionV2</Form>
            <DesignClass>TDataModule</DesignClass>
        </DCCReference>
        <DCCReference Include="Wallet\uWalletOrganization.pas">
            <Form>frmWalletOrganization</Form>
            <FormType>dfm</FormType>
        </DCCReference>
        <DCCReference Include="Wallet\uWalletService.pas">
            <Form>frmWalletService</Form>
        </DCCReference>
        <DCCReference Include="Wallet\uWalletProductService.pas">
            <Form>frmWalletProductService</Form>
            <FormType>dfm</FormType>
        </DCCReference>
        <DCCReference Include="Wallet\uWalletBeneficiaryAccount.pas">
            <Form>frmWalletBeneficiaryAccount</Form>
            <FormType>dfm</FormType>
        </DCCReference>
        <DCCReference Include="Wallet\uWalletCustomerGroup.pas">
            <Form>frmWalletCustomerGroup</Form>
            <FormType>dfm</FormType>
        </DCCReference>
        <DCCReference Include="Wallet\uWalletCtx.pas">
            <Form>frmWalletCtx</Form>
            <FormType>dfm</FormType>
        </DCCReference>
        <DCCReference Include="Wallet\uWalletCustomer.pas">
            <Form>frmWalletCustomer</Form>
            <FormType>dfm</FormType>
        </DCCReference>
        <DCCReference Include="Wallet\uWalletPagamentos.pas">
            <Form>frmWalletPagamentos</Form>
            <FormType>dfm</FormType>
        </DCCReference>
        <DCCReference Include="Wallet\WSDL\uWalletWSDL_CadClientes.pas"/>
        <DCCReference Include="Wallet\WSDL\uWalletWSDL_CadFornecedores.pas"/>
        <DCCReference Include="Wallet\WSDL\uWalletWSDL_CadPedidos.pas"/>
        <DCCReference Include="Wallet\WSDL\uWalletWSDL_CadProcessos.pas"/>
        <DCCReference Include="Wallet\WSDL\uWalletWSDL_Pagamentos_Senior.pas"/>
        <DCCReference Include="Wallet\WSDL\uWalletWSDL_Numerarios_CRE_Senior.pas"/>
        <DCCReference Include="Wallet\WSDL\uWalletWSDL_Numerarios_CRE.pas"/>
        <DCCReference Include="Wallet\uWalletNumerarios.pas">
            <Form>frmWalletNumerarios</Form>
            <FormType>dfm</FormType>
        </DCCReference>
        <DCCReference Include="Wallet\uWalletSolicitacaoPagamento.pas">
            <Form>frmWalletSolicitacaoPagamento</Form>
            <FormType>dfm</FormType>
        </DCCReference>
        <DCCReference Include="Wallet\uWalletPagamentosReplicar.pas">
            <Form>frmWalletPagamentosReplicar</Form>
            <FormType>dfm</FormType>
        </DCCReference>
        <DCCReference Include="Wallet\uWalletGerarArquivos.pas">
            <Form>frmWalletGerarArquivos</Form>
            <FormType>dfm</FormType>
        </DCCReference>
        <DCCReference Include="Wallet\uWalletImpressaoNumerarioImpo.pas">
            <Form>frmWalletImpressaoNumerarioImpo</Form>
            <FormType>dfm</FormType>
        </DCCReference>
        <DCCReference Include="Wallet\uWalletImpressaoNumerarioExpo.pas">
            <Form>frmWalletImpressaoNumerarioExpo</Form>
            <FormType>dfm</FormType>
        </DCCReference>
        <DCCReference Include="GravaArquivoDigitalizacao.pas"/>
        <DCCReference Include="Wallet\uWalletSelecionaImpostos.pas">
            <Form>frmWalletSelecionaImpostos</Form>
            <FormType>dfm</FormType>
        </DCCReference>
        <DCCReference Include="Wallet\WSDL\uWalletWSDL_Pagamentos.pas"/>
        <DCCReference Include="Wallet\WSDL\uWalletWSDL_Pagamentos_Producao.pas"/>
        <DCCReference Include="Wallet\uWalletPagamentosTransferir.pas">
            <Form>frmWalletPagamentosTransferir</Form>
            <FormType>dfm</FormType>
        </DCCReference>
        <DCCReference Include="Wallet\uWalletNumerariosReplicar.pas">
            <Form>frmWalletNumerariosReplicar</Form>
            <FormType>dfm</FormType>
        </DCCReference>
        <DCCReference Include="FmDetailCx.pas">
            <Form>FrameDetailCX</Form>
            <FormType>dfm</FormType>
            <DesignClass>TFrame</DesignClass>
        </DCCReference>
        <DCCReference Include="Wallet\uWalletCustomerGroupCPFrame.pas">
            <Form>FrameWalletCustomerGroupCP</Form>
            <FormType>dfm</FormType>
            <DesignClass>TFrame</DesignClass>
        </DCCReference>
        <DCCReference Include="Wallet\uWalletFrameBuscaProcesso.pas">
            <Form>FrameWalletPesquisaProcesso</Form>
            <FormType>dfm</FormType>
            <DesignClass>TFrame</DesignClass>
        </DCCReference>
        <DCCReference Include="Wallet\uWalletPreFaturamento.pas">
            <Form>frmWalletPreFaturamento</Form>
            <FormType>dfm</FormType>
        </DCCReference>
        <DCCReference Include="FrmDraftBL.pas">
            <Form>frmCdDraftBL</Form>
            <FormType>dfm</FormType>
        </DCCReference>
        <DCCReference Include="FrBuscaProcessos.pas">
            <Form>FrBuscaProcessos</Form>
            <FormType>dfm</FormType>
            <DesignClass>TFrame</DesignClass>
        </DCCReference>
        <DCCReference Include="FrmDraftBLComentarios.pas">
            <Form>frameDraftBLComentarios</Form>
            <FormType>dfm</FormType>
            <DesignClass>TFrame</DesignClass>
        </DCCReference>
        <DCCReference Include="FmDraftBLCtx.pas">
            <Form>frmDraftBlCtx</Form>
            <FormType>dfm</FormType>
        </DCCReference>
        <DCCReference Include="FrmDraftBLMercContainer.pas">
            <Form>FramDraftBLMercContainer</Form>
            <FormType>dfm</FormType>
            <DesignClass>TFrame</DesignClass>
        </DCCReference>
        <DCCReference Include="frmDraftBLMercadoria.pas">
            <Form>frameDraftBLMercadoria</Form>
            <FormType>dfm</FormType>
            <DesignClass>TFrame</DesignClass>
        </DCCReference>
        <DCCReference Include="uGerarArquivosDraft.pas">
            <Form>frmGerarArquivosDraft</Form>
            <FormType>dfm</FormType>
        </DCCReference>
        <DCCReference Include="uImpressaoDraftPadraoInttra.pas">
            <Form>frmImpressaoDraftPadraoInttra</Form>
            <FormType>dfm</FormType>
        </DCCReference>
        <DCCReference Include="componentes\SFTP\uMySFTPClient.pas"/>
        <DCCReference Include="componentes\SFTP\libssh2.pas"/>
        <DCCReference Include="componentes\SFTP\libssh2_sftp.pas"/>
        <DCCReference Include="CdDescricaoMercadoriaDraft.pas">
            <Form>formMyCdDescricaoMercadoriaDraft</Form>
            <FormType>dfm</FormType>
        </DCCReference>
        <DCCReference Include="FrMercadoriasCadDescMercadoria.pas">
            <Form>formMercadoriasCadDescMercadoria</Form>
            <FormType>dfm</FormType>
        </DCCReference>
        <DCCReference Include="DmGerarArquivosDraft.pas">
            <Form>dtmGerarArquivosDraft</Form>
            <FormType>dfm</FormType>
            <DesignClass>TDataModule</DesignClass>
        </DCCReference>
        <DCCReference Include="frmRelatoriodraft.pas">
            <Form>formRelatorioDraft</Form>
            <FormType>dfm</FormType>
        </DCCReference>
        <DCCReference Include="CdConfiguracoes.pas">
            <Form>formConfiguracoes</Form>
            <FormType>dfm</FormType>
        </DCCReference>
        <DCCReference Include="dmConfiguracoes.pas">
            <Form>dtmConfiguracoes</Form>
            <FormType>dfm</FormType>
            <DesignClass>TDataModule</DesignClass>
        </DCCReference>
        <BuildConfiguration Include="Release">
            <Key>Cfg_2</Key>
            <CfgParent>Base</CfgParent>
        </BuildConfiguration>
        <BuildConfiguration Include="Base">
            <Key>Base</Key>
        </BuildConfiguration>
        <BuildConfiguration Include="Debug">
            <Key>Cfg_1</Key>
            <CfgParent>Base</CfgParent>
        </BuildConfiguration>
    </ItemGroup>
    <ProjectExtensions>
        <Borland.Personality>Delphi.Personality.12</Borland.Personality>
        <Borland.ProjectType>Application</Borland.ProjectType>
        <BorlandProject>
            <Delphi.Personality>
                <Source>
                    <Source Name="MainSource">MiniBroker.dpr</Source>
                </Source>
                <Excluded_Packages>
                    <Excluded_Packages Name="C:\Projetos\Delphi\minibroker\mypatterns\pkgMyEntitiesBroker\bpl\pkgMyEntitiesBroker.bpl">(untitled)</Excluded_Packages>
                </Excluded_Packages>
            </Delphi.Personality>
            <Deployment Version="3">
                <DeployFile LocalName="bin\MiniBroker.exe" Configuration="Release" Class="ProjectOutput">
                    <Platform Name="Win32">
                        <RemoteName>MiniBroker.exe</RemoteName>
                        <Overwrite>true</Overwrite>
                    </Platform>
                </DeployFile>
                <DeployFile LocalName="bin\MiniBroker.exe" Configuration="Debug" Class="ProjectOutput">
                    <Platform Name="Win32">
                        <RemoteName>MiniBroker.exe</RemoteName>
                        <Overwrite>true</Overwrite>
                    </Platform>
                </DeployFile>
                <DeployClass Name="DependencyModule">
                    <Platform Name="Win32">
                        <Operation>0</Operation>
                        <Extensions>.dll;.bpl</Extensions>
                    </Platform>
                    <Platform Name="iOSDevice64">
                        <Operation>1</Operation>
                        <Extensions>.dylib</Extensions>
                    </Platform>
                    <Platform Name="OSX32">
                        <RemoteDir>Contents\MacOS</RemoteDir>
                        <Operation>1</Operation>
                        <Extensions>.dylib</Extensions>
                    </Platform>
                    <Platform Name="iOSDevice32">
                        <Operation>1</Operation>
                        <Extensions>.dylib</Extensions>
                    </Platform>
                    <Platform Name="iOSSimulator">
                        <Operation>1</Operation>
                        <Extensions>.dylib</Extensions>
                    </Platform>
                </DeployClass>
                <DeployClass Name="ProjectOSXResource">
                    <Platform Name="OSX32">
                        <RemoteDir>Contents\Resources</RemoteDir>
                        <Operation>1</Operation>
                    </Platform>
                </DeployClass>
                <DeployClass Name="AndroidClassesDexFile">
                    <Platform Name="Android">
                        <RemoteDir>classes</RemoteDir>
                        <Operation>1</Operation>
                    </Platform>
                </DeployClass>
                <DeployClass Name="AdditionalDebugSymbols">
                    <Platform Name="Win32">
                        <RemoteDir>Contents\MacOS</RemoteDir>
                        <Operation>0</Operation>
                    </Platform>
                    <Platform Name="iOSSimulator">
                        <Operation>1</Operation>
                    </Platform>
                    <Platform Name="OSX32">
                        <RemoteDir>Contents\MacOS</RemoteDir>
                        <Operation>1</Operation>
                    </Platform>
                </DeployClass>
                <DeployClass Name="iPad_Launch768">
                    <Platform Name="iOSSimulator">
                        <Operation>1</Operation>
                    </Platform>
                    <Platform Name="iOSDevice64">
                        <Operation>1</Operation>
                    </Platform>
                    <Platform Name="iOSDevice32">
                        <Operation>1</Operation>
                    </Platform>
                </DeployClass>
                <DeployClass Name="Android_LauncherIcon144">
                    <Platform Name="Android">
                        <RemoteDir>res\drawable-xxhdpi</RemoteDir>
                        <Operation>1</Operation>
                    </Platform>
                </DeployClass>
                <DeployClass Name="AndroidLibnativeMipsFile">
                    <Platform Name="Android">
                        <RemoteDir>library\lib\mips</RemoteDir>
                        <Operation>1</Operation>
                    </Platform>
                </DeployClass>
                <DeployClass Required="true" Name="ProjectOutput">
                    <Platform Name="iOSDevice64">
                        <Operation>1</Operation>
                    </Platform>
                    <Platform Name="iOSDevice32">
                        <Operation>1</Operation>
                    </Platform>
                    <Platform Name="Win32">
                        <Operation>0</Operation>
                    </Platform>
                    <Platform Name="Linux64">
                        <Operation>1</Operation>
                    </Platform>
                    <Platform Name="OSX32">
                        <RemoteDir>Contents\MacOS</RemoteDir>
                        <Operation>1</Operation>
                    </Platform>
                    <Platform Name="Android">
                        <RemoteDir>library\lib\armeabi-v7a</RemoteDir>
                        <Operation>1</Operation>
                    </Platform>
                    <Platform Name="iOSSimulator">
                        <Operation>1</Operation>
                    </Platform>
                </DeployClass>
                <DeployClass Name="DependencyFramework">
                    <Platform Name="Win32">
                        <Operation>0</Operation>
                    </Platform>
                    <Platform Name="OSX32">
                        <RemoteDir>Contents\MacOS</RemoteDir>
                        <Operation>1</Operation>
                        <Extensions>.framework</Extensions>
                    </Platform>
                </DeployClass>
                <DeployClass Name="ProjectUWPManifest">
                    <Platform Name="Win32">
                        <Operation>1</Operation>
                    </Platform>
                    <Platform Name="Win64">
                        <Operation>1</Operation>
                    </Platform>
                </DeployClass>
                <DeployClass Name="iPhone_Launch640">
                    <Platform Name="iOSSimulator">
                        <Operation>1</Operation>
                    </Platform>
                    <Platform Name="iOSDevice64">
                        <Operation>1</Operation>
                    </Platform>
                    <Platform Name="iOSDevice32">
                        <Operation>1</Operation>
                    </Platform>
                </DeployClass>
                <DeployClass Name="iPad_Launch1024">
                    <Platform Name="iOSSimulator">
                        <Operation>1</Operation>
                    </Platform>
                    <Platform Name="iOSDevice64">
                        <Operation>1</Operation>
                    </Platform>
                    <Platform Name="iOSDevice32">
                        <Operation>1</Operation>
                    </Platform>
                </DeployClass>
                <DeployClass Name="ProjectiOSDeviceDebug">
                    <Platform Name="iOSDevice64">
                        <RemoteDir>..\$(PROJECTNAME).app.dSYM\Contents\Resources\DWARF</RemoteDir>
                        <Operation>1</Operation>
                    </Platform>
                    <Platform Name="iOSDevice32">
                        <RemoteDir>..\$(PROJECTNAME).app.dSYM\Contents\Resources\DWARF</RemoteDir>
                        <Operation>1</Operation>
                    </Platform>
                </DeployClass>
                <DeployClass Name="iPhone_Launch320">
                    <Platform Name="iOSSimulator">
                        <Operation>1</Operation>
                    </Platform>
                    <Platform Name="iOSDevice64">
                        <Operation>1</Operation>
                    </Platform>
                    <Platform Name="iOSDevice32">
                        <Operation>1</Operation>
                    </Platform>
                </DeployClass>
                <DeployClass Name="ProjectiOSInfoPList">
                    <Platform Name="iOSSimulator">
                        <Operation>1</Operation>
                    </Platform>
                    <Platform Name="iOSDevice64">
                        <Operation>1</Operation>
                    </Platform>
                    <Platform Name="iOSDevice32">
                        <Operation>1</Operation>
                    </Platform>
                </DeployClass>
                <DeployClass Name="AndroidLibnativeArmeabiFile">
                    <Platform Name="Android">
                        <RemoteDir>library\lib\armeabi</RemoteDir>
                        <Operation>1</Operation>
                    </Platform>
                </DeployClass>
                <DeployClass Name="DebugSymbols">
                    <Platform Name="Win32">
                        <Operation>0</Operation>
                    </Platform>
                    <Platform Name="iOSSimulator">
                        <Operation>1</Operation>
                    </Platform>
                    <Platform Name="OSX32">
                        <RemoteDir>Contents\MacOS</RemoteDir>
                        <Operation>1</Operation>
                    </Platform>
                </DeployClass>
                <DeployClass Name="iPad_Launch1536">
                    <Platform Name="iOSSimulator">
                        <Operation>1</Operation>
                    </Platform>
                    <Platform Name="iOSDevice64">
                        <Operation>1</Operation>
                    </Platform>
                    <Platform Name="iOSDevice32">
                        <Operation>1</Operation>
                    </Platform>
                </DeployClass>
                <DeployClass Name="Android_SplashImage470">
                    <Platform Name="Android">
                        <RemoteDir>res\drawable-normal</RemoteDir>
                        <Operation>1</Operation>
                    </Platform>
                </DeployClass>
                <DeployClass Name="Android_LauncherIcon96">
                    <Platform Name="Android">
                        <RemoteDir>res\drawable-xhdpi</RemoteDir>
                        <Operation>1</Operation>
                    </Platform>
                </DeployClass>
                <DeployClass Name="Android_SplashImage640">
                    <Platform Name="Android">
                        <RemoteDir>res\drawable-large</RemoteDir>
                        <Operation>1</Operation>
                    </Platform>
                </DeployClass>
                <DeployClass Name="iPhone_Launch640x1136">
                    <Platform Name="iOSSimulator">
                        <Operation>1</Operation>
                    </Platform>
                    <Platform Name="iOSDevice64">
                        <Operation>1</Operation>
                    </Platform>
                    <Platform Name="iOSDevice32">
                        <Operation>1</Operation>
                    </Platform>
                </DeployClass>
                <DeployClass Name="UWP_DelphiLogo44">
                    <Platform Name="Win32">
                        <RemoteDir>Assets</RemoteDir>
                        <Operation>1</Operation>
                    </Platform>
                    <Platform Name="Win64">
                        <RemoteDir>Assets</RemoteDir>
                        <Operation>1</Operation>
                    </Platform>
                </DeployClass>
                <DeployClass Name="ProjectiOSEntitlements">
                    <Platform Name="iOSDevice64">
                        <RemoteDir>..\</RemoteDir>
                        <Operation>1</Operation>
                    </Platform>
                    <Platform Name="iOSDevice32">
                        <RemoteDir>..\</RemoteDir>
                        <Operation>1</Operation>
                    </Platform>
                </DeployClass>
                <DeployClass Name="Android_LauncherIcon72">
                    <Platform Name="Android">
                        <RemoteDir>res\drawable-hdpi</RemoteDir>
                        <Operation>1</Operation>
                    </Platform>
                </DeployClass>
                <DeployClass Name="AndroidGDBServer">
                    <Platform Name="Android">
                        <RemoteDir>library\lib\armeabi-v7a</RemoteDir>
                        <Operation>1</Operation>
                    </Platform>
                </DeployClass>
                <DeployClass Name="ProjectOSXInfoPList">
                    <Platform Name="OSX32">
                        <RemoteDir>Contents</RemoteDir>
                        <Operation>1</Operation>
                    </Platform>
                </DeployClass>
                <DeployClass Name="ProjectOSXEntitlements">
                    <Platform Name="OSX32">
                        <RemoteDir>..\</RemoteDir>
                        <Operation>1</Operation>
                    </Platform>
                </DeployClass>
                <DeployClass Name="UWP_DelphiLogo150">
                    <Platform Name="Win32">
                        <RemoteDir>Assets</RemoteDir>
                        <Operation>1</Operation>
                    </Platform>
                    <Platform Name="Win64">
                        <RemoteDir>Assets</RemoteDir>
                        <Operation>1</Operation>
                    </Platform>
                </DeployClass>
                <DeployClass Name="iPad_Launch2048">
                    <Platform Name="iOSSimulator">
                        <Operation>1</Operation>
                    </Platform>
                    <Platform Name="iOSDevice64">
                        <Operation>1</Operation>
                    </Platform>
                    <Platform Name="iOSDevice32">
                        <Operation>1</Operation>
                    </Platform>
                </DeployClass>
                <DeployClass Name="AndroidSplashStyles">
                    <Platform Name="Android">
                        <RemoteDir>res\values</RemoteDir>
                        <Operation>1</Operation>
                    </Platform>
                </DeployClass>
                <DeployClass Name="Android_SplashImage426">
                    <Platform Name="Android">
                        <RemoteDir>res\drawable-small</RemoteDir>
                        <Operation>1</Operation>
                    </Platform>
                </DeployClass>
                <DeployClass Name="AndroidSplashImageDef">
                    <Platform Name="Android">
                        <RemoteDir>res\drawable</RemoteDir>
                        <Operation>1</Operation>
                    </Platform>
                </DeployClass>
                <DeployClass Name="ProjectiOSResource">
                    <Platform Name="iOSSimulator">
                        <Operation>1</Operation>
                    </Platform>
                    <Platform Name="iOSDevice64">
                        <Operation>1</Operation>
                    </Platform>
                    <Platform Name="iOSDevice32">
                        <Operation>1</Operation>
                    </Platform>
                </DeployClass>
                <DeployClass Name="ProjectAndroidManifest">
                    <Platform Name="Android">
                        <Operation>1</Operation>
                    </Platform>
                </DeployClass>
                <DeployClass Name="Android_DefaultAppIcon">
                    <Platform Name="Android">
                        <RemoteDir>res\drawable</RemoteDir>
                        <Operation>1</Operation>
                    </Platform>
                </DeployClass>
                <DeployClass Name="File">
                    <Platform Name="Win32">
                        <Operation>0</Operation>
                    </Platform>
                    <Platform Name="iOSDevice64">
                        <Operation>0</Operation>
                    </Platform>
                    <Platform Name="OSX32">
                        <RemoteDir>Contents\Resources\StartUp\</RemoteDir>
                        <Operation>0</Operation>
                    </Platform>
                    <Platform Name="iOSDevice32">
                        <Operation>0</Operation>
                    </Platform>
                    <Platform Name="Android">
                        <Operation>0</Operation>
                    </Platform>
                    <Platform Name="iOSSimulator">
                        <Operation>0</Operation>
                    </Platform>
                </DeployClass>
                <DeployClass Name="AndroidServiceOutput">
                    <Platform Name="Android">
                        <RemoteDir>library\lib\armeabi-v7a</RemoteDir>
                        <Operation>1</Operation>
                    </Platform>
                </DeployClass>
                <DeployClass Required="true" Name="DependencyPackage">
                    <Platform Name="Win32">
                        <Operation>0</Operation>
                        <Extensions>.bpl</Extensions>
                    </Platform>
                    <Platform Name="iOSDevice64">
                        <Operation>1</Operation>
                        <Extensions>.dylib</Extensions>
                    </Platform>
                    <Platform Name="OSX32">
                        <RemoteDir>Contents\MacOS</RemoteDir>
                        <Operation>1</Operation>
                        <Extensions>.dylib</Extensions>
                    </Platform>
                    <Platform Name="iOSDevice32">
                        <Operation>1</Operation>
                        <Extensions>.dylib</Extensions>
                    </Platform>
                    <Platform Name="iOSSimulator">
                        <Operation>1</Operation>
                        <Extensions>.dylib</Extensions>
                    </Platform>
                </DeployClass>
                <DeployClass Name="Android_LauncherIcon48">
                    <Platform Name="Android">
                        <RemoteDir>res\drawable-mdpi</RemoteDir>
                        <Operation>1</Operation>
                    </Platform>
                </DeployClass>
                <DeployClass Name="Android_SplashImage960">
                    <Platform Name="Android">
                        <RemoteDir>res\drawable-xlarge</RemoteDir>
                        <Operation>1</Operation>
                    </Platform>
                </DeployClass>
                <DeployClass Name="Android_LauncherIcon36">
                    <Platform Name="Android">
                        <RemoteDir>res\drawable-ldpi</RemoteDir>
                        <Operation>1</Operation>
                    </Platform>
                </DeployClass>
                <DeployClass Name="ProjectiOSDeviceResourceRules">
                    <Platform Name="iOSDevice64">
                        <Operation>1</Operation>
                    </Platform>
                    <Platform Name="iOSDevice32">
                        <Operation>1</Operation>
                    </Platform>
                </DeployClass>
                <ProjectRoot Platform="iOSDevice64" Name="$(PROJECTNAME).app"/>
                <ProjectRoot Platform="Win64" Name="$(PROJECTNAME)"/>
                <ProjectRoot Platform="iOSDevice32" Name="$(PROJECTNAME).app"/>
                <ProjectRoot Platform="Linux64" Name="$(PROJECTNAME)"/>
                <ProjectRoot Platform="Win32" Name="$(PROJECTNAME)"/>
                <ProjectRoot Platform="OSX32" Name="$(PROJECTNAME).app"/>
                <ProjectRoot Platform="Android" Name="$(PROJECTNAME)"/>
                <ProjectRoot Platform="iOSSimulator" Name="$(PROJECTNAME).app"/>
            </Deployment>
            <Platforms>
                <Platform value="Win32">True</Platform>
                <Platform value="Win64">False</Platform>
            </Platforms>
        </BorlandProject>
        <ProjectFileVersion>12</ProjectFileVersion>
    </ProjectExtensions>
    <Import Project="$(BDS)\Bin\CodeGear.Delphi.Targets" Condition="Exists('$(BDS)\Bin\CodeGear.Delphi.Targets')"/>
    <Import Project="$(APPDATA)\Embarcadero\$(BDSAPPDATABASEDIR)\$(PRODUCTVERSION)\UserTools.proj" Condition="Exists('$(APPDATA)\Embarcadero\$(BDSAPPDATABASEDIR)\$(PRODUCTVERSION)\UserTools.proj')"/>
    <Import Project="$(MSBuildProjectName).deployproj" Condition="Exists('$(MSBuildProjectName).deployproj')"/>
</Project>
