	<Project xmlns="http://schemas.microsoft.com/developer/msbuild/2003">
		<PropertyGroup>
			<ProjectGuid>{9A068849-F8BA-4617-BC7B-63DD0B854293}</ProjectGuid>
			<ProjectVersion>12.3</ProjectVersion>
			<MainSource>MyLogin.dpr</MainSource>
			<Config Condition="'$(Config)'==''">Debug</Config>
			<DCC_DCCCompiler>DCC32</DCC_DCCCompiler>
			<Base>True</Base>
			<Platform>Win32</Platform>
			<AppType>Application</AppType>
			<FrameworkType>VCL</FrameworkType>
		</PropertyGroup>
		<PropertyGroup Condition="'$(Config)'=='Base' or '$(Base)'!=''">
			<Base>true</Base>
		</PropertyGroup>
		<PropertyGroup Condition="'$(Config)'=='Release' or '$(Cfg_1)'!=''">
			<Cfg_1>true</Cfg_1>
			<CfgParent>Base</CfgParent>
			<Base>true</Base>
		</PropertyGroup>
		<PropertyGroup Condition="'$(Config)'=='Debug' or '$(Cfg_2)'!=''">
			<Cfg_2>true</Cfg_2>
			<CfgParent>Base</CfgParent>
			<Base>true</Base>
		</PropertyGroup>
		<PropertyGroup Condition="'$(Base)'!=''">
			<DCC_UsePackage>vclx;vcl;rtl;vclimg;dbrtl;adortl;vcldb;vclactnband;vcldbx;bdertl;DataSnapIndy10ServerTransport;DataSnapClient;dbexpress;xmlrtl;DbxClientDriver;DbxCommonDriver;dbxcds;vclie;inet;IndyProtocols;inetdbbde;inetdbxpress;DataSnapProviderClient;inetdb;dsnap;IndySystem;IndyCore;DataSnapServer;dsnapcon;DBXInterBaseDriver;DBXMySQLDriver;DBXFirebirdDriver;DBXSybaseASEDriver;DBXSybaseASADriver;DBXOracleDriver;DBXMSSQLDriver;DBXInformixDriver;DBXDb2Driver;vclib;ibxpress;vclribbon;soaprtl;VclSmp;svnui;svn;vcltouch;websnap;webdsnap;AzureCloud;Rave90VCL;TeeUI;TeeDB;Tee;intrawebdb_110_150;Intraweb_110_150;acntDelphiXE_R;AlphaDBDelphiXE;JclDeveloperTools;Jcl;JclVcl;JclContainers;JvCore;JvSystem;JvStdCtrls;JvAppFrm;JvBands;JvDB;JvDlgs;JvBDE;JvControls;JvCmp;JvCrypt;JvCustom;JvDocking;JvDotNetCtrls;JvGlobus;JvHMI;JvJans;JvManagedThreads;JvMM;JvNet;JvPageComps;JvPascalInterpreter;JvPluginSystem;JvPrintPreview;JvRuntimeDesign;JvTimeFramework;JvWizards;JvXPCtrls;tmsd2011;tmsexd2011;tmswizd2011;tmsxlsd2011;madBasic_;madDisAsm_;madExcept_;ACBrComum;synapse;ACBrDiversos;ACBrSerial;ACBrTCP;ACBr_TEFD;ACBr_Boleto;ACBr_Sintegra;ACBr_SPED;ACBr_PAF;ACBrOpenSSL;ACBr_NFe2;PCN2;ACBrCapicom;ACBr_CTe;ACBrNFeDanfeRVCodeBase;ACBr_NFSe;ACBr_MDFe;ACBr_LFD;ACBrNFeDanfeRV;rxctl;rxdb;dxCoreD15;cxLibraryD15;cxEditorsD15;dxBarD15;dxBarDBNavD15;dxBarExtDBItemsD15;dxBarExtItemsD15;dxRibbonD15;cxBarEditItemD15;dxdbtrD15;dxtrmdD15;dxmdsD15;dxDockingD15;dxThemeD15;dxGDIPlusD15;dxFlowChartD15;cxPageControlD15;dxComnD15;cxPageControldxBarPopupMenuD15;dxTabbedMDID15;dxLayoutControlD15;dxNavBarD15;dxorgcD15;dxdborD15;cxGridD15;cxPivotGridD15;cxPivotGridChartD15;cxPivotGridOLAPD15;cxTreeListD15;cxTreeListdxBarPopupMenuD15;cxSchedulerD15;cxSchedulerGridD15;dcldxSkinsCoreD15;dxSkinsCoreD15;dxSkinscxPCPainterD15;dxSkinscxSchedulerPainterD15;dxSkinsdxDLPainterD15;dxSkinsdxBarPainterD15;dxSkinsdxNavBarPainterD15;dxSpellCheckerD15;cxSpreadSheetD15;cxVerticalGridD15;dxPSCoreD15;dxPSLnksD15;dxPScxCommonD15;dxPScxExtCommonD15;dxPScxGridLnkD15;dxPSdxLCLnkD15;dxPScxPivotGridLnkD15;dxPScxSchedulerLnkD15;dxPScxSSLnkD15;dxPScxTLLnkD15;dxPScxVGridLnkD15;dxPSTeeChartD15;dxPSDBTeeChartD15;dxPSdxOCLnkD15;dxPSdxDBOCLnkD15;dxPSdxDBTVLnkD15;dxPSdxFCLnkD15;dxPScxPCProdD15;dxPsPrVwAdvD15;dxPSPrVwRibbonD15;dxSkinsdxRibbonPainterD15;dclRBE1215;rbCIDE1215;rbIDE1215;rbRCL1215;rbBDE1215;rbUSERDesign1215;rbUSER1215;rbDIDE1215;rbDAD1215;dclRBBDE1215;rbDBDE1215;rbDB1215;dclRBADO1215;rbADO1215;dclRBDBE1215;rbDBE1215;dclRBIBE1215;rbIBE1215;rbRIDE1215;rbRAP1215;rbTCUI1215;rbTC1215</DCC_UsePackage>
			<DCC_UnitAlias>WinTypes=Windows;WinProcs=Windows;DbiTypes=BDE;DbiProcs=BDE;DbiErrs=BDE;$(DCC_UnitAlias)</DCC_UnitAlias>
			<DCC_DependencyCheckOutputName>MyLogin.exe</DCC_DependencyCheckOutputName>
			<DCC_ImageBase>00400000</DCC_ImageBase>
			<DCC_Platform>x86</DCC_Platform>
		</PropertyGroup>
		<PropertyGroup Condition="'$(Cfg_1)'!=''">
			<DCC_LocalDebugSymbols>false</DCC_LocalDebugSymbols>
			<DCC_Define>RELEASE;$(DCC_Define)</DCC_Define>
			<DCC_SymbolReferenceInfo>0</DCC_SymbolReferenceInfo>
			<DCC_DebugInformation>false</DCC_DebugInformation>
		</PropertyGroup>
		<PropertyGroup Condition="'$(Cfg_2)'!=''">
			<DCC_ExeOutput>.\bin</DCC_ExeOutput>
			<DCC_DcuOutput>.\dcu</DCC_DcuOutput>
			<DCC_Define>DEBUG;$(DCC_Define)</DCC_Define>
		</PropertyGroup>
		<ItemGroup>
			<DelphiCompile Include="MyLogin.dpr">
				<MainSource>MainSource</MainSource>
			</DelphiCompile>
			<DCCReference Include="Principal.pas">
				<Form>frmMyLogin</Form>
			</DCCReference>
			<DCCReference Include="uConexao.pas">
				<Form>dtmConexao</Form>
				<DesignClass>TDataModule</DesignClass>
			</DCCReference>
			<DCCReference Include="Splash.pas">
				<Form>frmMySplash</Form>
			</DCCReference>
			<DCCReference Include="Sistemas.pas">
				<Form>frmMySistemas</Form>
			</DCCReference>
			<DCCReference Include="FileButton.pas"/>
			<DCCReference Include="Funcoes.pas"/>
			<DCCReference Include="Mensagens.pas"/>
			<DCCReference Include="DashBoardUserProperties.pas">
				<Form>dtmDashBoardUserProperties</Form>
				<DesignClass>TDataModule</DesignClass>
			</DCCReference>
			<BuildConfiguration Include="Debug">
				<Key>Cfg_2</Key>
				<CfgParent>Base</CfgParent>
			</BuildConfiguration>
			<BuildConfiguration Include="Base">
				<Key>Base</Key>
			</BuildConfiguration>
			<BuildConfiguration Include="Release">
				<Key>Cfg_1</Key>
				<CfgParent>Base</CfgParent>
			</BuildConfiguration>
		</ItemGroup>
		<Import Condition="Exists('$(BDS)\Bin\CodeGear.Delphi.Targets')" Project="$(BDS)\Bin\CodeGear.Delphi.Targets"/>
		<Import Condition="Exists('$(APPDATA)\Embarcadero\$(BDSAPPDATABASEDIR)\$(PRODUCTVERSION)\UserTools.proj')" Project="$(APPDATA)\Embarcadero\$(BDSAPPDATABASEDIR)\$(PRODUCTVERSION)\UserTools.proj"/>
		<ProjectExtensions>
			<Borland.Personality>Delphi.Personality.12</Borland.Personality>
			<Borland.ProjectType/>
			<BorlandProject>
				<Delphi.Personality>
					<Source>
						<Source Name="MainSource">MyLogin.dpr</Source>
					</Source>
					<Parameters/>
					<VersionInfo>
						<VersionInfo Name="IncludeVerInfo">False</VersionInfo>
						<VersionInfo Name="AutoIncBuild">False</VersionInfo>
						<VersionInfo Name="MajorVer">1</VersionInfo>
						<VersionInfo Name="MinorVer">0</VersionInfo>
						<VersionInfo Name="Release">0</VersionInfo>
						<VersionInfo Name="Build">0</VersionInfo>
						<VersionInfo Name="Debug">False</VersionInfo>
						<VersionInfo Name="PreRelease">False</VersionInfo>
						<VersionInfo Name="Special">False</VersionInfo>
						<VersionInfo Name="Private">False</VersionInfo>
						<VersionInfo Name="DLL">False</VersionInfo>
						<VersionInfo Name="Locale">1046</VersionInfo>
						<VersionInfo Name="CodePage">1252</VersionInfo>
					</VersionInfo>
					<VersionInfoKeys>
						<VersionInfoKeys Name="CompanyName"/>
						<VersionInfoKeys Name="FileDescription"/>
						<VersionInfoKeys Name="FileVersion">1.0.0.0</VersionInfoKeys>
						<VersionInfoKeys Name="InternalName"/>
						<VersionInfoKeys Name="LegalCopyright"/>
						<VersionInfoKeys Name="LegalTrademarks"/>
						<VersionInfoKeys Name="OriginalFilename"/>
						<VersionInfoKeys Name="ProductName"/>
						<VersionInfoKeys Name="ProductVersion">1.0.0.0</VersionInfoKeys>
						<VersionInfoKeys Name="Comments"/>
					</VersionInfoKeys>
					<Excluded_Packages>
						<Excluded_Packages Name="C:\Users\Public\Documents\RAD Studio\8.0\Bpl\dxSkinscxScheduler3PainterD15.bpl">File C:\Users\Public\Documents\RAD Studio\8.0\Bpl\dxSkinscxScheduler3PainterD15.bpl not found</Excluded_Packages>
						<Excluded_Packages Name="C:\Users\Public\Documents\RAD Studio\8.0\Bpl\dxSkinsdxNavBar2PainterD15.bpl">File C:\Users\Public\Documents\RAD Studio\8.0\Bpl\dxSkinsdxNavBar2PainterD15.bpl not found</Excluded_Packages>
					</Excluded_Packages>
				</Delphi.Personality>
				<Platforms>
					<Platform value="Win32">True</Platform>
				</Platforms>
			</BorlandProject>
			<ProjectFileVersion>12</ProjectFileVersion>
		</ProjectExtensions>
	</Project>
